// !$*UTF8*$!
{
	archiveVersion = 1;
	classes = {
	};
	objectVersion = 46;
	objects = {

/* Begin PBXBuildFile section */
		141EBCDF19934CE700C55C8C /* Foundation.framework in Frameworks */ = {isa = PBXBuildFile; fileRef = 141EBCDE19934CE700C55C8C /* Foundation.framework */; };
		141EBCE119934CE700C55C8C /* CoreGraphics.framework in Frameworks */ = {isa = PBXBuildFile; fileRef = 141EBCE019934CE700C55C8C /* CoreGraphics.framework */; };
		141EBCE319934CE700C55C8C /* UIKit.framework in Frameworks */ = {isa = PBXBuildFile; fileRef = 141EBCE219934CE700C55C8C /* UIKit.framework */; };
		141EBCE919934CE700C55C8C /* InfoPlist.strings in Resources */ = {isa = PBXBuildFile; fileRef = 141EBCE719934CE700C55C8C /* InfoPlist.strings */; };
		141EBCEB19934CE700C55C8C /* main.m in Sources */ = {isa = PBXBuildFile; fileRef = 141EBCEA19934CE700C55C8C /* main.m */; };
		141EBCEF19934CE700C55C8C /* AppDelegate.m in Sources */ = {isa = PBXBuildFile; fileRef = 141EBCEE19934CE700C55C8C /* AppDelegate.m */; };
		141EBCF219934CE700C55C8C /* Main_iPhone.storyboard in Resources */ = {isa = PBXBuildFile; fileRef = 141EBCF019934CE700C55C8C /* Main_iPhone.storyboard */; };
		141EBCF519934CE700C55C8C /* Main_iPad.storyboard in Resources */ = {isa = PBXBuildFile; fileRef = 141EBCF319934CE700C55C8C /* Main_iPad.storyboard */; };
		141EBCF819934CE700C55C8C /* ViewController.m in Sources */ = {isa = PBXBuildFile; fileRef = 141EBCF719934CE700C55C8C /* ViewController.m */; };
		141EBCFA19934CE700C55C8C /* Images.xcassets in Resources */ = {isa = PBXBuildFile; fileRef = 141EBCF919934CE700C55C8C /* Images.xcassets */; };
		141EBD0119934CE700C55C8C /* XCTest.framework in Frameworks */ = {isa = PBXBuildFile; fileRef = 141EBD0019934CE700C55C8C /* XCTest.framework */; };
		141EBD0219934CE700C55C8C /* Foundation.framework in Frameworks */ = {isa = PBXBuildFile; fileRef = 141EBCDE19934CE700C55C8C /* Foundation.framework */; };
		141EBD0319934CE700C55C8C /* UIKit.framework in Frameworks */ = {isa = PBXBuildFile; fileRef = 141EBCE219934CE700C55C8C /* UIKit.framework */; };
		141EBD0B19934CE700C55C8C /* InfoPlist.strings in Resources */ = {isa = PBXBuildFile; fileRef = 141EBD0919934CE700C55C8C /* InfoPlist.strings */; };
		141EBD0D19934CE700C55C8C /* testTests.m in Sources */ = {isa = PBXBuildFile; fileRef = 141EBD0C19934CE700C55C8C /* testTests.m */; };
		141EBD1B19934D5600C55C8C /* CKCalendarView.m in Sources */ = {isa = PBXBuildFile; fileRef = 141EBD1A19934D5600C55C8C /* CKCalendarView.m */; };
/* End PBXBuildFile section */

/* Begin PBXContainerItemProxy section */
		141EBD0419934CE700C55C8C /* PBXContainerItemProxy */ = {
			isa = PBXContainerItemProxy;
			containerPortal = 141EBCD319934CE700C55C8C /* Project object */;
			proxyType = 1;
			remoteGlobalIDString = 141EBCDA19934CE700C55C8C;
			remoteInfo = test;
		};
/* End PBXContainerItemProxy section */

/* Begin PBXFileReference section */
		141EBCDB19934CE700C55C8C /* test.app */ = {isa = PBXFileReference; explicitFileType = wrapper.application; includeInIndex = 0; path = test.app; sourceTree = BUILT_PRODUCTS_DIR; };
		141EBCDE19934CE700C55C8C /* Foundation.framework */ = {isa = PBXFileReference; lastKnownFileType = wrapper.framework; name = Foundation.framework; path = System/Library/Frameworks/Foundation.framework; sourceTree = SDKROOT; };
		141EBCE019934CE700C55C8C /* CoreGraphics.framework */ = {isa = PBXFileReference; lastKnownFileType = wrapper.framework; name = CoreGraphics.framework; path = System/Library/Frameworks/CoreGraphics.framework; sourceTree = SDKROOT; };
		141EBCE219934CE700C55C8C /* UIKit.framework */ = {isa = PBXFileReference; lastKnownFileType = wrapper.framework; name = UIKit.framework; path = System/Library/Frameworks/UIKit.framework; sourceTree = SDKROOT; };
		141EBCE619934CE700C55C8C /* test-Info.plist */ = {isa = PBXFileReference; lastKnownFileType = text.plist.xml; path = "test-Info.plist"; sourceTree = "<group>"; };
		141EBCE819934CE700C55C8C /* en */ = {isa = PBXFileReference; lastKnownFileType = text.plist.strings; name = en; path = en.lproj/InfoPlist.strings; sourceTree = "<group>"; };
		141EBCEA19934CE700C55C8C /* main.m */ = {isa = PBXFileReference; lastKnownFileType = sourcecode.c.objc; path = main.m; sourceTree = "<group>"; };
		141EBCEC19934CE700C55C8C /* test-Prefix.pch */ = {isa = PBXFileReference; lastKnownFileType = sourcecode.c.h; path = "test-Prefix.pch"; sourceTree = "<group>"; };
		141EBCED19934CE700C55C8C /* AppDelegate.h */ = {isa = PBXFileReference; lastKnownFileType = sourcecode.c.h; path = AppDelegate.h; sourceTree = "<group>"; };
		141EBCEE19934CE700C55C8C /* AppDelegate.m */ = {isa = PBXFileReference; lastKnownFileType = sourcecode.c.objc; path = AppDelegate.m; sourceTree = "<group>"; };
		141EBCF119934CE700C55C8C /* Base */ = {isa = PBXFileReference; lastKnownFileType = file.storyboard; name = Base; path = Base.lproj/Main_iPhone.storyboard; sourceTree = "<group>"; };
		141EBCF419934CE700C55C8C /* Base */ = {isa = PBXFileReference; lastKnownFileType = file.storyboard; name = Base; path = Base.lproj/Main_iPad.storyboard; sourceTree = "<group>"; };
		141EBCF619934CE700C55C8C /* ViewController.h */ = {isa = PBXFileReference; lastKnownFileType = sourcecode.c.h; path = ViewController.h; sourceTree = "<group>"; };
		141EBCF719934CE700C55C8C /* ViewController.m */ = {isa = PBXFileReference; lastKnownFileType = sourcecode.c.objc; path = ViewController.m; sourceTree = "<group>"; };
		141EBCF919934CE700C55C8C /* Images.xcassets */ = {isa = PBXFileReference; lastKnownFileType = folder.assetcatalog; path = Images.xcassets; sourceTree = "<group>"; };
		141EBCFF19934CE700C55C8C /* testTests.xctest */ = {isa = PBXFileReference; explicitFileType = wrapper.cfbundle; includeInIndex = 0; path = testTests.xctest; sourceTree = BUILT_PRODUCTS_DIR; };
		141EBD0019934CE700C55C8C /* XCTest.framework */ = {isa = PBXFileReference; lastKnownFileType = wrapper.framework; name = XCTest.framework; path = Library/Frameworks/XCTest.framework; sourceTree = DEVELOPER_DIR; };
		141EBD0819934CE700C55C8C /* testTests-Info.plist */ = {isa = PBXFileReference; lastKnownFileType = text.plist.xml; path = "testTests-Info.plist"; sourceTree = "<group>"; };
		141EBD0A19934CE700C55C8C /* en */ = {isa = PBXFileReference; lastKnownFileType = text.plist.strings; name = en; path = en.lproj/InfoPlist.strings; sourceTree = "<group>"; };
		141EBD0C19934CE700C55C8C /* testTests.m */ = {isa = PBXFileReference; lastKnownFileType = sourcecode.c.objc; path = testTests.m; sourceTree = "<group>"; };
		141EBD1919934D5600C55C8C /* CKCalendarView.h */ = {isa = PBXFileReference; fileEncoding = 4; lastKnownFileType = sourcecode.c.h; path = CKCalendarView.h; sourceTree = "<group>"; };
		141EBD1A19934D5600C55C8C /* CKCalendarView.m */ = {isa = PBXFileReference; fileEncoding = 4; lastKnownFileType = sourcecode.c.objc; path = CKCalendarView.m; sourceTree = "<group>"; };
/* End PBXFileReference section */

/* Begin PBXFrameworksBuildPhase section */
		141EBCD819934CE700C55C8C /* Frameworks */ = {
			isa = PBXFrameworksBuildPhase;
			buildActionMask = 2147483647;
			files = (
				141EBCE119934CE700C55C8C /* CoreGraphics.framework in Frameworks */,
				141EBCE319934CE700C55C8C /* UIKit.framework in Frameworks */,
				141EBCDF19934CE700C55C8C /* Foundation.framework in Frameworks */,
			);
			runOnlyForDeploymentPostprocessing = 0;
		};
		141EBCFC19934CE700C55C8C /* Frameworks */ = {
			isa = PBXFrameworksBuildPhase;
			buildActionMask = 2147483647;
			files = (
				141EBD0119934CE700C55C8C /* XCTest.framework in Frameworks */,
				141EBD0319934CE700C55C8C /* UIKit.framework in Frameworks */,
				141EBD0219934CE700C55C8C /* Foundation.framework in Frameworks */,
			);
			runOnlyForDeploymentPostprocessing = 0;
		};
/* End PBXFrameworksBuildPhase section */

/* Begin PBXGroup section */
		141EBCD219934CE700C55C8C = {
			isa = PBXGroup;
			children = (
				141EBCE419934CE700C55C8C /* test */,
				141EBD0619934CE700C55C8C /* testTests */,
				141EBCDD19934CE700C55C8C /* Frameworks */,
				141EBCDC19934CE700C55C8C /* Products */,
			);
			sourceTree = "<group>";
		};
		141EBCDC19934CE700C55C8C /* Products */ = {
			isa = PBXGroup;
			children = (
				141EBCDB19934CE700C55C8C /* test.app */,
				141EBCFF19934CE700C55C8C /* testTests.xctest */,
			);
			name = Products;
			sourceTree = "<group>";
		};
		141EBCDD19934CE700C55C8C /* Frameworks */ = {
			isa = PBXGroup;
			children = (
				141EBCDE19934CE700C55C8C /* Foundation.framework */,
				141EBCE019934CE700C55C8C /* CoreGraphics.framework */,
				141EBCE219934CE700C55C8C /* UIKit.framework */,
				141EBD0019934CE700C55C8C /* XCTest.framework */,
			);
			name = Frameworks;
			sourceTree = "<group>";
		};
		141EBCE419934CE700C55C8C /* test */ = {
			isa = PBXGroup;
			children = (
				141EBD1919934D5600C55C8C /* CKCalendarView.h */,
				141EBCED19934CE700C55C8C /* AppDelegate.h */,
				141EBD1A19934D5600C55C8C /* CKCalendarView.m */,
				141EBCEE19934CE700C55C8C /* AppDelegate.m */,
				141EBCF019934CE700C55C8C /* Main_iPhone.storyboard */,
				141EBCF319934CE700C55C8C /* Main_iPad.storyboard */,
				141EBCF619934CE700C55C8C /* ViewController.h */,
				141EBCF719934CE700C55C8C /* ViewController.m */,
				141EBCF919934CE700C55C8C /* Images.xcassets */,
				141EBCE519934CE700C55C8C /* Supporting Files */,
			);
			path = test;
			sourceTree = "<group>";
		};
		141EBCE519934CE700C55C8C /* Supporting Files */ = {
			isa = PBXGroup;
			children = (
				141EBCE619934CE700C55C8C /* test-Info.plist */,
				141EBCE719934CE700C55C8C /* InfoPlist.strings */,
				141EBCEA19934CE700C55C8C /* main.m */,
				141EBCEC19934CE700C55C8C /* test-Prefix.pch */,
			);
			name = "Supporting Files";
			sourceTree = "<group>";
		};
		141EBD0619934CE700C55C8C /* testTests */ = {
			isa = PBXGroup;
			children = (
				141EBD0C19934CE700C55C8C /* testTests.m */,
				141EBD0719934CE700C55C8C /* Supporting Files */,
			);
			path = testTests;
			sourceTree = "<group>";
		};
		141EBD0719934CE700C55C8C /* Supporting Files */ = {
			isa = PBXGroup;
			children = (
				141EBD0819934CE700C55C8C /* testTests-Info.plist */,
				141EBD0919934CE700C55C8C /* InfoPlist.strings */,
			);
			name = "Supporting Files";
			sourceTree = "<group>";
		};
/* End PBXGroup section */

/* Begin PBXNativeTarget section */
		141EBCDA19934CE700C55C8C /* test */ = {
			isa = PBXNativeTarget;
			buildConfigurationList = 141EBD1019934CE700C55C8C /* Build configuration list for PBXNativeTarget "test" */;
			buildPhases = (
				141EBCD719934CE700C55C8C /* Sources */,
				141EBCD819934CE700C55C8C /* Frameworks */,
				141EBCD919934CE700C55C8C /* Resources */,
				1414DB6819AEC8FC00D0BA23 /* ShellScript */,
			);
			buildRules = (
			);
			dependencies = (
			);
			name = test;
			productName = test;
			productReference = 141EBCDB19934CE700C55C8C /* test.app */;
			productType = "com.apple.product-type.application";
		};
		141EBCFE19934CE700C55C8C /* testTests */ = {
			isa = PBXNativeTarget;
			buildConfigurationList = 141EBD1319934CE700C55C8C /* Build configuration list for PBXNativeTarget "testTests" */;
			buildPhases = (
				141EBCFB19934CE700C55C8C /* Sources */,
				141EBCFC19934CE700C55C8C /* Frameworks */,
				141EBCFD19934CE700C55C8C /* Resources */,
			);
			buildRules = (
			);
			dependencies = (
				141EBD0519934CE700C55C8C /* PBXTargetDependency */,
			);
			name = testTests;
			productName = testTests;
			productReference = 141EBCFF19934CE700C55C8C /* testTests.xctest */;
			productType = "com.apple.product-type.bundle.unit-test";
		};
/* End PBXNativeTarget section */

/* Begin PBXProject section */
		141EBCD319934CE700C55C8C /* Project object */ = {
			isa = PBXProject;
			attributes = {
				LastUpgradeCheck = 0510;
				ORGANIZATIONNAME = "德忻 楊";
				TargetAttributes = {
					141EBCFE19934CE700C55C8C = {
						TestTargetID = 141EBCDA19934CE700C55C8C;
					};
				};
			};
			buildConfigurationList = 141EBCD619934CE700C55C8C /* Build configuration list for PBXProject "test" */;
			compatibilityVersion = "Xcode 3.2";
			developmentRegion = English;
			hasScannedForEncodings = 0;
			knownRegions = (
				en,
				Base,
			);
			mainGroup = 141EBCD219934CE700C55C8C;
			productRefGroup = 141EBCDC19934CE700C55C8C /* Products */;
			projectDirPath = "";
			projectRoot = "";
			targets = (
				141EBCDA19934CE700C55C8C /* test */,
				141EBCFE19934CE700C55C8C /* testTests */,
			);
		};
/* End PBXProject section */

/* Begin PBXResourcesBuildPhase section */
		141EBCD919934CE700C55C8C /* Resources */ = {
			isa = PBXResourcesBuildPhase;
			buildActionMask = 2147483647;
			files = (
				141EBCF519934CE700C55C8C /* Main_iPad.storyboard in Resources */,
				141EBCFA19934CE700C55C8C /* Images.xcassets in Resources */,
				141EBCF219934CE700C55C8C /* Main_iPhone.storyboard in Resources */,
				141EBCE919934CE700C55C8C /* InfoPlist.strings in Resources */,
			);
			runOnlyForDeploymentPostprocessing = 0;
		};
		141EBCFD19934CE700C55C8C /* Resources */ = {
			isa = PBXResourcesBuildPhase;
			buildActionMask = 2147483647;
			files = (
				141EBD0B19934CE700C55C8C /* InfoPlist.strings in Resources */,
			);
			runOnlyForDeploymentPostprocessing = 0;
		};
/* End PBXResourcesBuildPhase section */

/* Begin PBXShellScriptBuildPhase section */
		1414DB6819AEC8FC00D0BA23 /* ShellScript */ = {
			isa = PBXShellScriptBuildPhase;
			buildActionMask = 2147483647;
			files = (
			);
			inputPaths = (
			);
			outputPaths = (
			);
			runOnlyForDeploymentPostprocessing = 0;
			shellPath = /bin/sh;
			shellScript = "source ${SRCROOT}/XcodeCoverage/run_code_coverage_post.sh";
		};
/* End PBXShellScriptBuildPhase section */

/* Begin PBXSourcesBuildPhase section */
		141EBCD719934CE700C55C8C /* Sources */ = {
			isa = PBXSourcesBuildPhase;
			buildActionMask = 2147483647;
			files = (
				141EBCF819934CE700C55C8C /* ViewController.m in Sources */,
				141EBCEF19934CE700C55C8C /* AppDelegate.m in Sources */,
				141EBD1B19934D5600C55C8C /* CKCalendarView.m in Sources */,
				141EBCEB19934CE700C55C8C /* main.m in Sources */,
			);
			runOnlyForDeploymentPostprocessing = 0;
		};
		141EBCFB19934CE700C55C8C /* Sources */ = {
			isa = PBXSourcesBuildPhase;
			buildActionMask = 2147483647;
			files = (
				141EBD0D19934CE700C55C8C /* testTests.m in Sources */,
			);
			runOnlyForDeploymentPostprocessing = 0;
		};
/* End PBXSourcesBuildPhase section */

/* Begin PBXTargetDependency section */
		141EBD0519934CE700C55C8C /* PBXTargetDependency */ = {
			isa = PBXTargetDependency;
			target = 141EBCDA19934CE700C55C8C /* test */;
			targetProxy = 141EBD0419934CE700C55C8C /* PBXContainerItemProxy */;
		};
/* End PBXTargetDependency section */

/* Begin PBXVariantGroup section */
		141EBCE719934CE700C55C8C /* InfoPlist.strings */ = {
			isa = PBXVariantGroup;
			children = (
				141EBCE819934CE700C55C8C /* en */,
			);
			name = InfoPlist.strings;
			sourceTree = "<group>";
		};
		141EBCF019934CE700C55C8C /* Main_iPhone.storyboard */ = {
			isa = PBXVariantGroup;
			children = (
				141EBCF119934CE700C55C8C /* Base */,
			);
			name = Main_iPhone.storyboard;
			sourceTree = "<group>";
		};
		141EBCF319934CE700C55C8C /* Main_iPad.storyboard */ = {
			isa = PBXVariantGroup;
			children = (
				141EBCF419934CE700C55C8C /* Base */,
			);
			name = Main_iPad.storyboard;
			sourceTree = "<group>";
		};
		141EBD0919934CE700C55C8C /* InfoPlist.strings */ = {
			isa = PBXVariantGroup;
			children = (
				141EBD0A19934CE700C55C8C /* en */,
			);
			name = InfoPlist.strings;
			sourceTree = "<group>";
		};
/* End PBXVariantGroup section */

/* Begin XCBuildConfiguration section */
		141EBD0E19934CE700C55C8C /* Debug */ = {
			isa = XCBuildConfiguration;
			buildSettings = {
				ALWAYS_SEARCH_USER_PATHS = NO;
				CLANG_CXX_LANGUAGE_STANDARD = "gnu++0x";
				CLANG_CXX_LIBRARY = "libc++";
				CLANG_ENABLE_MODULES = YES;
				CLANG_ENABLE_OBJC_ARC = YES;
				CLANG_WARN_BOOL_CONVERSION = YES;
				CLANG_WARN_CONSTANT_CONVERSION = YES;
				CLANG_WARN_DIRECT_OBJC_ISA_USAGE = YES_ERROR;
				CLANG_WARN_EMPTY_BODY = YES;
				CLANG_WARN_ENUM_CONVERSION = YES;
				CLANG_WARN_INT_CONVERSION = YES;
				CLANG_WARN_OBJC_ROOT_CLASS = YES_ERROR;
				CLANG_WARN__DUPLICATE_METHOD_MATCH = YES;
				CODE_SIGN_IDENTITY = "iPhone Developer";
				"CODE_SIGN_IDENTITY[sdk=iphoneos*]" = "iPhone Developer";
				COPY_PHASE_STRIP = NO;
				GCC_C_LANGUAGE_STANDARD = gnu99;
				GCC_DYNAMIC_NO_PIC = NO;
				GCC_GENERATE_TEST_COVERAGE_FILES = YES;
				GCC_INLINES_ARE_PRIVATE_EXTERN = YES;
				GCC_INSTRUMENT_PROGRAM_FLOW_ARCS = YES;
				GCC_OPTIMIZATION_LEVEL = 0;
				GCC_PREPROCESSOR_DEFINITIONS = (
					"DEBUG=1",
					"$(inherited)",
				);
				GCC_SYMBOLS_PRIVATE_EXTERN = NO;
				GCC_WARN_64_TO_32_BIT_CONVERSION = YES;
				GCC_WARN_ABOUT_RETURN_TYPE = YES_ERROR;
				GCC_WARN_UNDECLARED_SELECTOR = YES;
				GCC_WARN_UNINITIALIZED_AUTOS = YES_AGGRESSIVE;
				GCC_WARN_UNUSED_FUNCTION = YES;
				GCC_WARN_UNUSED_VARIABLE = YES;
				IPHONEOS_DEPLOYMENT_TARGET = 7.1;
				ONLY_ACTIVE_ARCH = YES;
				SDKROOT = iphoneos;
				TARGETED_DEVICE_FAMILY = "1,2";
			};
			name = Debug;
		};
		141EBD0F19934CE700C55C8C /* Release */ = {
			isa = XCBuildConfiguration;
			buildSettings = {
				ALWAYS_SEARCH_USER_PATHS = NO;
				CLANG_CXX_LANGUAGE_STANDARD = "gnu++0x";
				CLANG_CXX_LIBRARY = "libc++";
				CLANG_ENABLE_MODULES = YES;
				CLANG_ENABLE_OBJC_ARC = YES;
				CLANG_WARN_BOOL_CONVERSION = YES;
				CLANG_WARN_CONSTANT_CONVERSION = YES;
				CLANG_WARN_DIRECT_OBJC_ISA_USAGE = YES_ERROR;
				CLANG_WARN_EMPTY_BODY = YES;
				CLANG_WARN_ENUM_CONVERSION = YES;
				CLANG_WARN_INT_CONVERSION = YES;
				CLANG_WARN_OBJC_ROOT_CLASS = YES_ERROR;
				CLANG_WARN__DUPLICATE_METHOD_MATCH = YES;
				CODE_SIGN_IDENTITY = "iPhone Developer";
				"CODE_SIGN_IDENTITY[sdk=iphoneos*]" = "iPhone Developer";
				COPY_PHASE_STRIP = YES;
				ENABLE_NS_ASSERTIONS = NO;
				GCC_C_LANGUAGE_STANDARD = gnu99;
				GCC_INLINES_ARE_PRIVATE_EXTERN = YES;
				GCC_WARN_64_TO_32_BIT_CONVERSION = YES;
				GCC_WARN_ABOUT_RETURN_TYPE = YES_ERROR;
				GCC_WARN_UNDECLARED_SELECTOR = YES;
				GCC_WARN_UNINITIALIZED_AUTOS = YES_AGGRESSIVE;
				GCC_WARN_UNUSED_FUNCTION = YES;
				GCC_WARN_UNUSED_VARIABLE = YES;
				IPHONEOS_DEPLOYMENT_TARGET = 7.1;
				SDKROOT = iphoneos;
				TARGETED_DEVICE_FAMILY = "1,2";
				VALIDATE_PRODUCT = YES;
			};
			name = Release;
		};
		141EBD1119934CE700C55C8C /* Debug */ = {
			isa = XCBuildConfiguration;
			buildSettings = {
				ASSETCATALOG_COMPILER_APPICON_NAME = AppIcon;
				ASSETCATALOG_COMPILER_LAUNCHIMAGE_NAME = LaunchImage;
				GCC_GENERATE_TEST_COVERAGE_FILES = YES;
				GCC_INSTRUMENT_PROGRAM_FLOW_ARCS = YES;
				GCC_PRECOMPILE_PREFIX_HEADER = YES;
				GCC_PREFIX_HEADER = "test/test-Prefix.pch";
				INFOPLIST_FILE = "test/test-Info.plist";
				PRODUCT_NAME = "$(TARGET_NAME)";
				WRAPPER_EXTENSION = app;
			};
			name = Debug;
		};
		141EBD1219934CE700C55C8C /* Release */ = {
			isa = XCBuildConfiguration;
			buildSettings = {
				ASSETCATALOG_COMPILER_APPICON_NAME = AppIcon;
				ASSETCATALOG_COMPILER_LAUNCHIMAGE_NAME = LaunchImage;
				GCC_PRECOMPILE_PREFIX_HEADER = YES;
				GCC_PREFIX_HEADER = "test/test-Prefix.pch";
				INFOPLIST_FILE = "test/test-Info.plist";
				PRODUCT_NAME = "$(TARGET_NAME)";
				WRAPPER_EXTENSION = app;
			};
			name = Release;
		};
		141EBD1419934CE700C55C8C /* Debug */ = {
			isa = XCBuildConfiguration;
			buildSettings = {
				BUNDLE_LOADER = "$(BUILT_PRODUCTS_DIR)/test.app/test";
				FRAMEWORK_SEARCH_PATHS = (
					"$(SDKROOT)/Developer/Library/Frameworks",
					"$(inherited)",
					"$(DEVELOPER_FRAMEWORKS_DIR)",
				);
				GCC_PRECOMPILE_PREFIX_HEADER = YES;
				GCC_PREFIX_HEADER = "test/test-Prefix.pch";
				GCC_PREPROCESSOR_DEFINITIONS = (
					"DEBUG=1",
					"$(inherited)",
				);
				INFOPLIST_FILE = "testTests/testTests-Info.plist";
				PRODUCT_NAME = "$(TARGET_NAME)";
				TEST_HOST = "$(BUNDLE_LOADER)";
				WRAPPER_EXTENSION = xctest;
			};
			name = Debug;
		};
		141EBD1519934CE700C55C8C /* Release */ = {
			isa = XCBuildConfiguration;
			buildSettings = {
				BUNDLE_LOADER = "$(BUILT_PRODUCTS_DIR)/test.app/test";
				FRAMEWORK_SEARCH_PATHS = (
					"$(SDKROOT)/Developer/Library/Frameworks",
					"$(inherited)",
					"$(DEVELOPER_FRAMEWORKS_DIR)",
				);
				GCC_PRECOMPILE_PREFIX_HEADER = YES;
				GCC_PREFIX_HEADER = "test/test-Prefix.pch";
				INFOPLIST_FILE = "testTests/testTests-Info.plist";
				PRODUCT_NAME = "$(TARGET_NAME)";
				TEST_HOST = "$(BUNDLE_LOADER)";
				WRAPPER_EXTENSION = xctest;
			};
			name = Release;
		};
/* End XCBuildConfiguration section */

/* Begin XCConfigurationList section */
		141EBCD619934CE700C55C8C /* Build configuration list for PBXProject "test" */ = {
			isa = XCConfigurationList;
			buildConfigurations = (
				141EBD0E19934CE700C55C8C /* Debug */,
				141EBD0F19934CE700C55C8C /* Release */,
			);
			defaultConfigurationIsVisible = 0;
			defaultConfigurationName = Release;
		};
		141EBD1019934CE700C55C8C /* Build configuration list for PBXNativeTarget "test" */ = {
			isa = XCConfigurationList;
			buildConfigurations = (
				141EBD1119934CE700C55C8C /* Debug */,
				141EBD1219934CE700C55C8C /* Release */,
			);
			defaultConfigurationIsVisible = 0;
			defaultConfigurationName = Release;
		};
		141EBD1319934CE700C55C8C /* Build configuration list for PBXNativeTarget "testTests" */ = {
			isa = XCConfigurationList;
			buildConfigurations = (
				141EBD1419934CE700C55C8C /* Debug */,
				141EBD1519934CE700C55C8C /* Release */,
			);
			defaultConfigurationIsVisible = 0;
			defaultConfigurationName = Release;
		};
/* End XCConfigurationList section */
	};
	rootObject = 141EBCD319934CE700C55C8C /* Project object */;
}
